
Microsoft Visual Studio Solution File, Format Version 12.00
# Visual Studio 2013
VisualStudioVersion = 12.0.21005.1
MinimumVisualStudioVersion = 10.0.40219.1
Project("{E24C65DC-7377-472B-9ABA-BC803B73C61A}") = "AdminPage", "http://localhost:51561", "{FA20A2B9-AEF5-48E4-BA51-7E59A2624D33}"
	ProjectSection(WebsiteProperties) = preProject
		UseIISExpress = "true"
		TargetFrameworkMoniker = ".NETFramework,Version%3Dv4.5"
		Debug.AspNetCompiler.VirtualPath = "/localhost_51561"
		Debug.AspNetCompiler.PhysicalPath = "D:\Programs\Test\AdminPage\"
		Debug.AspNetCompiler.TargetPath = "PrecompiledWeb\localhost_51561\"
		Debug.AspNetCompiler.Updateable = "true"
		Debug.AspNetCompiler.ForceOverwrite = "true"
		Debug.AspNetCompiler.FixedNames = "false"
		Debug.AspNetCompiler.Debug = "True"
		Release.AspNetCompiler.VirtualPath = "/localhost_51561"
		Release.AspNetCompiler.PhysicalPath = "D:\Programs\Test\AdminPage\"
		Release.AspNetCompiler.TargetPath = "PrecompiledWeb\localhost_51561\"
		Release.AspNetCompiler.Updateable = "true"
		Release.AspNetCompiler.ForceOverwrite = "true"
		Release.AspNetCompiler.FixedNames = "false"
		Release.AspNetCompiler.Debug = "False"
		SlnRelativePath = "D:\Programs\Test\AdminPage\"
		DefaultWebSiteLanguage = "Visual C#"
	EndProjectSection
EndProject
Global
	GlobalSection(SolutionConfigurationPlatforms) = preSolution
		Debug|Any CPU = Debug|Any CPU
	EndGlobalSection
	GlobalSection(ProjectConfigurationPlatforms) = postSolution
		{FA20A2B9-AEF5-48E4-BA51-7E59A2624D33}.Debug|Any CPU.ActiveCfg = Debug|Any CPU
		{FA20A2B9-AEF5-48E4-BA51-7E59A2624D33}.Debug|Any CPU.Build.0 = Debug|Any CPU
	EndGlobalSection
	GlobalSection(SolutionProperties) = preSolution
		HideSolutionNode = FALSE
	EndGlobalSection
EndGlobal
